
Microsoft Visual Studio Solution File, Format Version 12.00
# Visual Studio 15
VisualStudioVersion = 15.0.28307.168
MinimumVisualStudioVersion = 10.0.40219.1
Project("{2150E333-8FDC-42A3-9474-1A3956D46DE8}") = "2-Application", "2-Application", "{12F50803-62C0-4B0E-A291-E7F183D49A6E}"
EndProject
Project("{2150E333-8FDC-42A3-9474-1A3956D46DE8}") = "3-Domain", "3-Domain", "{F77DD1BB-F982-47CE-BF6D-CC4FB3A5BF44}"
EndProject
Project("{2150E333-8FDC-42A3-9474-1A3956D46DE8}") = "4-Infra.IoC", "4-Infra.IoC", "{1B6E9E64-8AE8-416E-88B4-2A8E7C6F4130}"
EndProject
Project("{2150E333-8FDC-42A3-9474-1A3956D46DE8}") = "5-Infra.Data", "5-Infra.Data", "{1A4017A0-EFD8-43E4-944E-4AC5478724BD}"
EndProject
Project("{2150E333-8FDC-42A3-9474-1A3956D46DE8}") = "0-Presentation", "0-Presentation", "{3D7C567D-6B77-48F2-9A12-314867A06EF1}"
EndProject
Project("{9A19103F-16F7-4668-BE54-9A1E7A4F7556}") = "CleanArch.Mvc", "CleanArch.Mvc\CleanArch.Mvc.csproj", "{2F405B4C-268B-4E68-9556-CA62956EB01B}"
EndProject
Project("{9A19103F-16F7-4668-BE54-9A1E7A4F7556}") = "CleanArch.Domain", "CleanArch.Domain\CleanArch.Domain.csproj", "{12389CF7-ED94-493C-9FF1-8833DBB6C51E}"
EndProject
Project("{9A19103F-16F7-4668-BE54-9A1E7A4F7556}") = "CleanArch.Infra.Data", "CleanArch.Infra.Data\CleanArch.Infra.Data.csproj", "{7FB3FACE-01AD-454B-8C88-61F9409DC51F}"
EndProject
Project("{9A19103F-16F7-4668-BE54-9A1E7A4F7556}") = "CleanArche.Application", "CleanArche.Application\CleanArche.Application.csproj", "{D4BD87EA-3227-4BFD-842E-2D2596623F1F}"
EndProject
Project("{FAE04EC0-301F-11D3-BF4B-00C04F79EFBC}") = "CleanArch.Infra.IoC", "CleanArch.Infra.IoC\CleanArch.Infra.IoC.csproj", "{7F8FFC22-4E3E-48ED-92F7-F6704E10986A}"
EndProject
Project("{2150E333-8FDC-42A3-9474-1A3956D46DE8}") = "6-Infra.Bus", "6-Infra.Bus", "{23DCD5F4-5B95-4D59-B462-2886A5B1DEF5}"
EndProject
Project("{2150E333-8FDC-42A3-9474-1A3956D46DE8}") = "1-Api", "1-Api", "{6AF7C0A6-093E-4C23-A346-350B9D72B528}"
EndProject
Project("{FAE04EC0-301F-11D3-BF4B-00C04F79EFBC}") = "CleanArch.Infra.Bus", "CleanArch.Infra.Bus\CleanArch.Infra.Bus.csproj", "{487237EB-0E91-413E-ABE5-9E69CF465473}"
EndProject
Global
	GlobalSection(SolutionConfigurationPlatforms) = preSolution
		Debug|Any CPU = Debug|Any CPU
		Release|Any CPU = Release|Any CPU
	EndGlobalSection
	GlobalSection(ProjectConfigurationPlatforms) = postSolution
		{2F405B4C-268B-4E68-9556-CA62956EB01B}.Debug|Any CPU.ActiveCfg = Debug|Any CPU
		{2F405B4C-268B-4E68-9556-CA62956EB01B}.Debug|Any CPU.Build.0 = Debug|Any CPU
		{2F405B4C-268B-4E68-9556-CA62956EB01B}.Release|Any CPU.ActiveCfg = Release|Any CPU
		{2F405B4C-268B-4E68-9556-CA62956EB01B}.Release|Any CPU.Build.0 = Release|Any CPU
		{12389CF7-ED94-493C-9FF1-8833DBB6C51E}.Debug|Any CPU.ActiveCfg = Debug|Any CPU
		{12389CF7-ED94-493C-9FF1-8833DBB6C51E}.Debug|Any CPU.Build.0 = Debug|Any CPU
		{12389CF7-ED94-493C-9FF1-8833DBB6C51E}.Release|Any CPU.ActiveCfg = Release|Any CPU
		{12389CF7-ED94-493C-9FF1-8833DBB6C51E}.Release|Any CPU.Build.0 = Release|Any CPU
		{7FB3FACE-01AD-454B-8C88-61F9409DC51F}.Debug|Any CPU.ActiveCfg = Debug|Any CPU
		{7FB3FACE-01AD-454B-8C88-61F9409DC51F}.Debug|Any CPU.Build.0 = Debug|Any CPU
		{7FB3FACE-01AD-454B-8C88-61F9409DC51F}.Release|Any CPU.ActiveCfg = Release|Any CPU
		{7FB3FACE-01AD-454B-8C88-61F9409DC51F}.Release|Any CPU.Build.0 = Release|Any CPU
		{D4BD87EA-3227-4BFD-842E-2D2596623F1F}.Debug|Any CPU.ActiveCfg = Debug|Any CPU
		{D4BD87EA-3227-4BFD-842E-2D2596623F1F}.Debug|Any CPU.Build.0 = Debug|Any CPU
		{D4BD87EA-3227-4BFD-842E-2D2596623F1F}.Release|Any CPU.ActiveCfg = Release|Any CPU
		{D4BD87EA-3227-4BFD-842E-2D2596623F1F}.Release|Any CPU.Build.0 = Release|Any CPU
		{7F8FFC22-4E3E-48ED-92F7-F6704E10986A}.Debug|Any CPU.ActiveCfg = Debug|Any CPU
		{7F8FFC22-4E3E-48ED-92F7-F6704E10986A}.Debug|Any CPU.Build.0 = Debug|Any CPU
		{7F8FFC22-4E3E-48ED-92F7-F6704E10986A}.Release|Any CPU.ActiveCfg = Release|Any CPU
		{7F8FFC22-4E3E-48ED-92F7-F6704E10986A}.Release|Any CPU.Build.0 = Release|Any CPU
		{487237EB-0E91-413E-ABE5-9E69CF465473}.Debug|Any CPU.ActiveCfg = Debug|Any CPU
		{487237EB-0E91-413E-ABE5-9E69CF465473}.Debug|Any CPU.Build.0 = Debug|Any CPU
		{487237EB-0E91-413E-ABE5-9E69CF465473}.Release|Any CPU.ActiveCfg = Release|Any CPU
		{487237EB-0E91-413E-ABE5-9E69CF465473}.Release|Any CPU.Build.0 = Release|Any CPU
	EndGlobalSection
	GlobalSection(SolutionProperties) = preSolution
		HideSolutionNode = FALSE
	EndGlobalSection
	GlobalSection(NestedProjects) = preSolution
		{2F405B4C-268B-4E68-9556-CA62956EB01B} = {3D7C567D-6B77-48F2-9A12-314867A06EF1}
		{12389CF7-ED94-493C-9FF1-8833DBB6C51E} = {F77DD1BB-F982-47CE-BF6D-CC4FB3A5BF44}
		{7FB3FACE-01AD-454B-8C88-61F9409DC51F} = {1A4017A0-EFD8-43E4-944E-4AC5478724BD}
		{D4BD87EA-3227-4BFD-842E-2D2596623F1F} = {12F50803-62C0-4B0E-A291-E7F183D49A6E}
		{7F8FFC22-4E3E-48ED-92F7-F6704E10986A} = {1B6E9E64-8AE8-416E-88B4-2A8E7C6F4130}
		{487237EB-0E91-413E-ABE5-9E69CF465473} = {23DCD5F4-5B95-4D59-B462-2886A5B1DEF5}
	EndGlobalSection
	GlobalSection(ExtensibilityGlobals) = postSolution
		SolutionGuid = {86E905FA-7E98-4F36-A4E4-78872DF7C51F}
	EndGlobalSection
EndGlobal
